
Microsoft Visual Studio Solution File, Format Version 12.00
# Visual Studio 15
VisualStudioVersion = 15.0.28307.168
MinimumVisualStudioVersion = 10.0.40219.1
Project("{FAE04EC0-301F-11D3-BF4B-00C04F79EFBC}") = "LongestSubstringWithoutRepeatingCharacters", "LongestSubstringWithoutRepeatingCharacters\LongestSubstringWithoutRepeatingCharacters.csproj", "{313824B3-2252-4727-A452-D26845AC3902}"
EndProject
Global
	GlobalSection(SolutionConfigurationPlatforms) = preSolution
		Debug|Any CPU = Debug|Any CPU
		Release|Any CPU = Release|Any CPU
	EndGlobalSection
	GlobalSection(ProjectConfigurationPlatforms) = postSolution
		{313824B3-2252-4727-A452-D26845AC3902}.Debug|Any CPU.ActiveCfg = Debug|Any CPU
		{313824B3-2252-4727-A452-D26845AC3902}.Debug|Any CPU.Build.0 = Debug|Any CPU
		{313824B3-2252-4727-A452-D26845AC3902}.Release|Any CPU.ActiveCfg = Release|Any CPU
		{313824B3-2252-4727-A452-D26845AC3902}.Release|Any CPU.Build.0 = Release|Any CPU
	EndGlobalSection
	GlobalSection(SolutionProperties) = preSolution
		HideSolutionNode = FALSE
	EndGlobalSection
	GlobalSection(ExtensibilityGlobals) = postSolution
		SolutionGuid = {B59565C1-9734-4DC2-92E9-ECC924EF3EC4}
	EndGlobalSection
EndGlobal
